// !$*UTF8*$!
{
	archiveVersion = 1;
	classes = {
	};
	objectVersion = 50;
	objects = {

/* Begin PBXBuildFile section */
		DD36C17C2105CDE8007C9A15 /* AppDelegate.swift in Sources */ = {isa = PBXBuildFile; fileRef = DD36C17B2105CDE8007C9A15 /* AppDelegate.swift */; };
		DD36C17E2105CDE8007C9A15 /* ViewController.swift in Sources */ = {isa = PBXBuildFile; fileRef = DD36C17D2105CDE8007C9A15 /* ViewController.swift */; };
		DD36C1812105CDE8007C9A15 /* Main.storyboard in Resources */ = {isa = PBXBuildFile; fileRef = DD36C17F2105CDE8007C9A15 /* Main.storyboard */; };
		DD36C1832105CDE9007C9A15 /* Assets.xcassets in Resources */ = {isa = PBXBuildFile; fileRef = DD36C1822105CDE9007C9A15 /* Assets.xcassets */; };
		DD36C1862105CDE9007C9A15 /* LaunchScreen.storyboard in Resources */ = {isa = PBXBuildFile; fileRef = DD36C1842105CDE9007C9A15 /* LaunchScreen.storyboard */; };
		DD36C190210819F3007C9A15 /* first love.mp4 in Resources */ = {isa = PBXBuildFile; fileRef = DD36C18F210819F2007C9A15 /* first love.mp4 */; };
		DD36C197210FE6A7007C9A15 /* 花輪不愛我.m4a in Resources */ = {isa = PBXBuildFile; fileRef = DD36C196210FE6A7007C9A15 /* 花輪不愛我.m4a */; };
		DD36C199210FE6B3007C9A15 /* 花輪不愛我.m4a in Resources */ = {isa = PBXBuildFile; fileRef = DD36C198210FE6B3007C9A15 /* 花輪不愛我.m4a */; };
/* End PBXBuildFile section */

/* Begin PBXFileReference section */
		DD36C1782105CDE8007C9A15 /* AVSpeaker&Player.app */ = {isa = PBXFileReference; explicitFileType = wrapper.application; includeInIndex = 0; path = "AVSpeaker&Player.app"; sourceTree = BUILT_PRODUCTS_DIR; };
		DD36C17B2105CDE8007C9A15 /* AppDelegate.swift */ = {isa = PBXFileReference; lastKnownFileType = sourcecode.swift; path = AppDelegate.swift; sourceTree = "<group>"; };
		DD36C17D2105CDE8007C9A15 /* ViewController.swift */ = {isa = PBXFileReference; lastKnownFileType = sourcecode.swift; path = ViewController.swift; sourceTree = "<group>"; };
		DD36C1802105CDE8007C9A15 /* Base */ = {isa = PBXFileReference; lastKnownFileType = file.storyboard; name = Base; path = Base.lproj/Main.storyboard; sourceTree = "<group>"; };
		DD36C1822105CDE9007C9A15 /* Assets.xcassets */ = {isa = PBXFileReference; lastKnownFileType = folder.assetcatalog; path = Assets.xcassets; sourceTree = "<group>"; };
		DD36C1852105CDE9007C9A15 /* Base */ = {isa = PBXFileReference; lastKnownFileType = file.storyboard; name = Base; path = Base.lproj/LaunchScreen.storyboard; sourceTree = "<group>"; };
		DD36C1872105CDE9007C9A15 /* Info.plist */ = {isa = PBXFileReference; lastKnownFileType = text.plist.xml; path = Info.plist; sourceTree = "<group>"; };
		DD36C18F210819F2007C9A15 /* first love.mp4 */ = {isa = PBXFileReference; lastKnownFileType = file; path = "first love.mp4"; sourceTree = "<group>"; };
		DD36C196210FE6A7007C9A15 /* 花輪不愛我.m4a */ = {isa = PBXFileReference; lastKnownFileType = file; path = "花輪不愛我.m4a"; sourceTree = "<group>"; };
		DD36C198210FE6B3007C9A15 /* 花輪不愛我.m4a */ = {isa = PBXFileReference; lastKnownFileType = file; path = "花輪不愛我.m4a"; sourceTree = "<group>"; };
/* End PBXFileReference section */

/* Begin PBXFrameworksBuildPhase section */
		DD36C1752105CDE8007C9A15 /* Frameworks */ = {
			isa = PBXFrameworksBuildPhase;
			buildActionMask = 2147483647;
			files = (
			);
			runOnlyForDeploymentPostprocessing = 0;
		};
/* End PBXFrameworksBuildPhase section */

/* Begin PBXGroup section */
		DD36C16F2105CDE8007C9A15 = {
			isa = PBXGroup;
			children = (
				DD36C17A2105CDE8007C9A15 /* AVSpeechToggle */,
				DD36C1792105CDE8007C9A15 /* Products */,
			);
			sourceTree = "<group>";
		};
		DD36C1792105CDE8007C9A15 /* Products */ = {
			isa = PBXGroup;
			children = (
				DD36C1782105CDE8007C9A15 /* AVSpeaker&Player.app */,
			);
			name = Products;
			sourceTree = "<group>";
		};
		DD36C17A2105CDE8007C9A15 /* AVSpeechToggle */ = {
			isa = PBXGroup;
			children = (
				DD36C18F210819F2007C9A15 /* first love.mp4 */,
				DD36C196210FE6A7007C9A15 /* 花輪不愛我.m4a */,
				DD36C198210FE6B3007C9A15 /* 花輪不愛我.m4a */,
				DD36C17B2105CDE8007C9A15 /* AppDelegate.swift */,
				DD36C17D2105CDE8007C9A15 /* ViewController.swift */,
				DD36C17F2105CDE8007C9A15 /* Main.storyboard */,
				DD36C1822105CDE9007C9A15 /* Assets.xcassets */,
				DD36C1842105CDE9007C9A15 /* LaunchScreen.storyboard */,
				DD36C1872105CDE9007C9A15 /* Info.plist */,
			);
			path = AVSpeechToggle;
			sourceTree = "<group>";
		};
/* End PBXGroup section */

/* Begin PBXNativeTarget section */
		DD36C1772105CDE8007C9A15 /* AVSpeaker&Player */ = {
			isa = PBXNativeTarget;
			buildConfigurationList = DD36C18A2105CDE9007C9A15 /* Build configuration list for PBXNativeTarget "AVSpeaker&Player" */;
			buildPhases = (
				DD36C1742105CDE8007C9A15 /* Sources */,
				DD36C1752105CDE8007C9A15 /* Frameworks */,
				DD36C1762105CDE8007C9A15 /* Resources */,
			);
			buildRules = (
			);
			dependencies = (
			);
			name = "AVSpeaker&Player";
			productName = AVSpeechToggle;
			productReference = DD36C1782105CDE8007C9A15 /* AVSpeaker&Player.app */;
			productType = "com.apple.product-type.application";
		};
/* End PBXNativeTarget section */

/* Begin PBXProject section */
		DD36C1702105CDE8007C9A15 /* Project object */ = {
			isa = PBXProject;
			attributes = {
				LastSwiftUpdateCheck = 0940;
				LastUpgradeCheck = 0940;
				ORGANIZATIONNAME = "Chang Sophia";
				TargetAttributes = {
					DD36C1772105CDE8007C9A15 = {
						CreatedOnToolsVersion = 9.4;
					};
				};
			};
			buildConfigurationList = DD36C1732105CDE8007C9A15 /* Build configuration list for PBXProject "AVSpeaker&Player" */;
			compatibilityVersion = "Xcode 9.3";
			developmentRegion = en;
			hasScannedForEncodings = 0;
			knownRegions = (
				en,
				Base,
			);
			mainGroup = DD36C16F2105CDE8007C9A15;
			productRefGroup = DD36C1792105CDE8007C9A15 /* Products */;
			projectDirPath = "";
			projectRoot = "";
			targets = (
				DD36C1772105CDE8007C9A15 /* AVSpeaker&Player */,
			);
		};
/* End PBXProject section */

/* Begin PBXResourcesBuildPhase section */
		DD36C1762105CDE8007C9A15 /* Resources */ = {
			isa = PBXResourcesBuildPhase;
			buildActionMask = 2147483647;
			files = (
				DD36C1862105CDE9007C9A15 /* LaunchScreen.storyboard in Resources */,
				DD36C199210FE6B3007C9A15 /* 花輪不愛我.m4a in Resources */,
				DD36C1832105CDE9007C9A15 /* Assets.xcassets in Resources */,
				DD36C1812105CDE8007C9A15 /* Main.storyboard in Resources */,
				DD36C190210819F3007C9A15 /* first love.mp4 in Resources */,
				DD36C197210FE6A7007C9A15 /* 花輪不愛我.m4a in Resources */,
			);
			runOnlyForDeploymentPostprocessing = 0;
		};
/* End PBXResourcesBuildPhase section */

/* Begin PBXSourcesBuildPhase section */
		DD36C1742105CDE8007C9A15 /* Sources */ = {
			isa = PBXSourcesBuildPhase;
			buildActionMask = 2147483647;
			files = (
				DD36C17E2105CDE8007C9A15 /* ViewController.swift in Sources */,
				DD36C17C2105CDE8007C9A15 /* AppDelegate.swift in Sources */,
			);
			runOnlyForDeploymentPostprocessing = 0;
		};
/* End PBXSourcesBuildPhase section */

/* Begin PBXVariantGroup section */
		DD36C17F2105CDE8007C9A15 /* Main.storyboard */ = {
			isa = PBXVariantGroup;
			children = (
				DD36C1802105CDE8007C9A15 /* Base */,
			);
			name = Main.storyboard;
			sourceTree = "<group>";
		};
		DD36C1842105CDE9007C9A15 /* LaunchScreen.storyboard */ = {
			isa = PBXVariantGroup;
			children = (
				DD36C1852105CDE9007C9A15 /* Base */,
			);
			name = LaunchScreen.storyboard;
			sourceTree = "<group>";
		};
/* End PBXVariantGroup section */

/* Begin XCBuildConfiguration section */
		DD36C1882105CDE9007C9A15 /* Debug */ = {
			isa = XCBuildConfiguration;
			buildSettings = {
				ALWAYS_SEARCH_USER_PATHS = NO;
				CLANG_ANALYZER_NONNULL = YES;
				CLANG_ANALYZER_NUMBER_OBJECT_CONVERSION = YES_AGGRESSIVE;
				CLANG_CXX_LANGUAGE_STANDARD = "gnu++14";
				CLANG_CXX_LIBRARY = "libc++";
				CLANG_ENABLE_MODULES = YES;
				CLANG_ENABLE_OBJC_ARC = YES;
				CLANG_ENABLE_OBJC_WEAK = YES;
				CLANG_WARN_BLOCK_CAPTURE_AUTORELEASING = YES;
				CLANG_WARN_BOOL_CONVERSION = YES;
				CLANG_WARN_COMMA = YES;
				CLANG_WARN_CONSTANT_CONVERSION = YES;
				CLANG_WARN_DEPRECATED_OBJC_IMPLEMENTATIONS = YES;
				CLANG_WARN_DIRECT_OBJC_ISA_USAGE = YES_ERROR;
				CLANG_WARN_DOCUMENTATION_COMMENTS = YES;
				CLANG_WARN_EMPTY_BODY = YES;
				CLANG_WARN_ENUM_CONVERSION = YES;
				CLANG_WARN_INFINITE_RECURSION = YES;
				CLANG_WARN_INT_CONVERSION = YES;
				CLANG_WARN_NON_LITERAL_NULL_CONVERSION = YES;
				CLANG_WARN_OBJC_IMPLICIT_RETAIN_SELF = YES;
				CLANG_WARN_OBJC_LITERAL_CONVERSION = YES;
				CLANG_WARN_OBJC_ROOT_CLASS = YES_ERROR;
				CLANG_WARN_RANGE_LOOP_ANALYSIS = YES;
				CLANG_WARN_STRICT_PROTOTYPES = YES;
				CLANG_WARN_SUSPICIOUS_MOVE = YES;
				CLANG_WARN_UNGUARDED_AVAILABILITY = YES_AGGRESSIVE;
				CLANG_WARN_UNREACHABLE_CODE = YES;
				CLANG_WARN__DUPLICATE_METHOD_MATCH = YES;
				CODE_SIGN_IDENTITY = "iPhone Developer";
				COPY_PHASE_STRIP = NO;
				DEBUG_INFORMATION_FORMAT = dwarf;
				ENABLE_STRICT_OBJC_MSGSEND = YES;
				ENABLE_TESTABILITY = YES;
				GCC_C_LANGUAGE_STANDARD = gnu11;
				GCC_DYNAMIC_NO_PIC = NO;
				GCC_NO_COMMON_BLOCKS = YES;
				GCC_OPTIMIZATION_LEVEL = 0;
				GCC_PREPROCESSOR_DEFINITIONS = (
					"DEBUG=1",
					"$(inherited)",
				);
				GCC_WARN_64_TO_32_BIT_CONVERSION = YES;
				GCC_WARN_ABOUT_RETURN_TYPE = YES_ERROR;
				GCC_WARN_UNDECLARED_SELECTOR = YES;
				GCC_WARN_UNINITIALIZED_AUTOS = YES_AGGRESSIVE;
				GCC_WARN_UNUSED_FUNCTION = YES;
				GCC_WARN_UNUSED_VARIABLE = YES;
				IPHONEOS_DEPLOYMENT_TARGET = 11.4;
				MTL_ENABLE_DEBUG_INFO = YES;
				ONLY_ACTIVE_ARCH = YES;
				SDKROOT = iphoneos;
				SWIFT_ACTIVE_COMPILATION_CONDITIONS = DEBUG;
				SWIFT_OPTIMIZATION_LEVEL = "-Onone";
			};
			name = Debug;
		};
		DD36C1892105CDE9007C9A15 /* Release */ = {
			isa = XCBuildConfiguration;
			buildSettings = {
				ALWAYS_SEARCH_USER_PATHS = NO;
				CLANG_ANALYZER_NONNULL = YES;
				CLANG_ANALYZER_NUMBER_OBJECT_CONVERSION = YES_AGGRESSIVE;
				CLANG_CXX_LANGUAGE_STANDARD = "gnu++14";
				CLANG_CXX_LIBRARY = "libc++";
				CLANG_ENABLE_MODULES = YES;
				CLANG_ENABLE_OBJC_ARC = YES;
				CLANG_ENABLE_OBJC_WEAK = YES;
				CLANG_WARN_BLOCK_CAPTURE_AUTORELEASING = YES;
				CLANG_WARN_BOOL_CONVERSION = YES;
				CLANG_WARN_COMMA = YES;
				CLANG_WARN_CONSTANT_CONVERSION = YES;
				CLANG_WARN_DEPRECATED_OBJC_IMPLEMENTATIONS = YES;
				CLANG_WARN_DIRECT_OBJC_ISA_USAGE = YES_ERROR;
				CLANG_WARN_DOCUMENTATION_COMMENTS = YES;
				CLANG_WARN_EMPTY_BODY = YES;
				CLANG_WARN_ENUM_CONVERSION = YES;
				CLANG_WARN_INFINITE_RECURSION = YES;
				CLANG_WARN_INT_CONVERSION = YES;
				CLANG_WARN_NON_LITERAL_NULL_CONVERSION = YES;
				CLANG_WARN_OBJC_IMPLICIT_RETAIN_SELF = YES;
				CLANG_WARN_OBJC_LITERAL_CONVERSION = YES;
				CLANG_WARN_OBJC_ROOT_CLASS = YES_ERROR;
				CLANG_WARN_RANGE_LOOP_ANALYSIS = YES;
				CLANG_WARN_STRICT_PROTOTYPES = YES;
				CLANG_WARN_SUSPICIOUS_MOVE = YES;
				CLANG_WARN_UNGUARDED_AVAILABILITY = YES_AGGRESSIVE;
				CLANG_WARN_UNREACHABLE_CODE = YES;
				CLANG_WARN__DUPLICATE_METHOD_MATCH = YES;
				CODE_SIGN_IDENTITY = "iPhone Developer";
				COPY_PHASE_STRIP = NO;
				DEBUG_INFORMATION_FORMAT = "dwarf-with-dsym";
				ENABLE_NS_ASSERTIONS = NO;
				ENABLE_STRICT_OBJC_MSGSEND = YES;
				GCC_C_LANGUAGE_STANDARD = gnu11;
				GCC_NO_COMMON_BLOCKS = YES;
				GCC_WARN_64_TO_32_BIT_CONVERSION = YES;
				GCC_WARN_ABOUT_RETURN_TYPE = YES_ERROR;
				GCC_WARN_UNDECLARED_SELECTOR = YES;
				GCC_WARN_UNINITIALIZED_AUTOS = YES_AGGRESSIVE;
				GCC_WARN_UNUSED_FUNCTION = YES;
				GCC_WARN_UNUSED_VARIABLE = YES;
				IPHONEOS_DEPLOYMENT_TARGET = 11.4;
				MTL_ENABLE_DEBUG_INFO = NO;
				SDKROOT = iphoneos;
				SWIFT_COMPILATION_MODE = wholemodule;
				SWIFT_OPTIMIZATION_LEVEL = "-O";
				VALIDATE_PRODUCT = YES;
			};
			name = Release;
		};
		DD36C18B2105CDE9007C9A15 /* Debug */ = {
			isa = XCBuildConfiguration;
			buildSettings = {
				ASSETCATALOG_COMPILER_APPICON_NAME = AppIcon;
				CODE_SIGN_STYLE = Automatic;
				DEVELOPMENT_TEAM = 3M66U64HQ4;
				INFOPLIST_FILE = AVSpeechToggle/Info.plist;
				LD_RUNPATH_SEARCH_PATHS = (
					"$(inherited)",
					"@executable_path/Frameworks",
				);
				PRODUCT_BUNDLE_IDENTIFIER = com.gmb728.AVSpeechToggle;
				PRODUCT_NAME = "$(TARGET_NAME)";
				SWIFT_VERSION = 4.0;
				TARGETED_DEVICE_FAMILY = "1,2";
			};
			name = Debug;
		};
		DD36C18C2105CDE9007C9A15 /* Release */ = {
			isa = XCBuildConfiguration;
			buildSettings = {
				ASSETCATALOG_COMPILER_APPICON_NAME = AppIcon;
				CODE_SIGN_STYLE = Automatic;
				DEVELOPMENT_TEAM = 3M66U64HQ4;
				INFOPLIST_FILE = AVSpeechToggle/Info.plist;
				LD_RUNPATH_SEARCH_PATHS = (
					"$(inherited)",
					"@executable_path/Frameworks",
				);
				PRODUCT_BUNDLE_IDENTIFIER = com.gmb728.AVSpeechToggle;
				PRODUCT_NAME = "$(TARGET_NAME)";
				SWIFT_VERSION = 4.0;
				TARGETED_DEVICE_FAMILY = "1,2";
			};
			name = Release;
		};
/* End XCBuildConfiguration section */

/* Begin XCConfigurationList section */
		DD36C1732105CDE8007C9A15 /* Build configuration list for PBXProject "AVSpeaker&Player" */ = {
			isa = XCConfigurationList;
			buildConfigurations = (
				DD36C1882105CDE9007C9A15 /* Debug */,
				DD36C1892105CDE9007C9A15 /* Release */,
			);
			defaultConfigurationIsVisible = 0;
			defaultConfigurationName = Release;
		};
		DD36C18A2105CDE9007C9A15 /* Build configuration list for PBXNativeTarget "AVSpeaker&Player" */ = {
			isa = XCConfigurationList;
			buildConfigurations = (
				DD36C18B2105CDE9007C9A15 /* Debug */,
				DD36C18C2105CDE9007C9A15 /* Release */,
			);
			defaultConfigurationIsVisible = 0;
			defaultConfigurationName = Release;
		};
/* End XCConfigurationList section */
	};
	rootObject = DD36C1702105CDE8007C9A15 /* Project object */;
}
